
Microsoft Visual Studio Solution File, Format Version 12.00
# Visual Studio Version 16
VisualStudioVersion = 16.0.29905.134
MinimumVisualStudioVersion = 10.0.40219.1
Project("{FAE04EC0-301F-11D3-BF4B-00C04F79EFBC}") = "2", "2\2.csproj", "{5866AC6F-C181-46FE-8EDC-540181162BEF}"
EndProject
Global
	GlobalSection(SolutionConfigurationPlatforms) = preSolution
		Debug|Any CPU = Debug|Any CPU
		Release|Any CPU = Release|Any CPU
	EndGlobalSection
	GlobalSection(ProjectConfigurationPlatforms) = postSolution
		{5866AC6F-C181-46FE-8EDC-540181162BEF}.Debug|Any CPU.ActiveCfg = Debug|Any CPU
		{5866AC6F-C181-46FE-8EDC-540181162BEF}.Debug|Any CPU.Build.0 = Debug|Any CPU
		{5866AC6F-C181-46FE-8EDC-540181162BEF}.Release|Any CPU.ActiveCfg = Release|Any CPU
		{5866AC6F-C181-46FE-8EDC-540181162BEF}.Release|Any CPU.Build.0 = Release|Any CPU
	EndGlobalSection
	GlobalSection(SolutionProperties) = preSolution
		HideSolutionNode = FALSE
	EndGlobalSection
	GlobalSection(ExtensibilityGlobals) = postSolution
		SolutionGuid = {FFA0B12F-72B7-4F09-A0F7-9A265BAFF17F}
	EndGlobalSection
EndGlobal
